# This file is automatically @generated by Cargo.
# It is not intended for manual editing.
version = 3

[[package]]
name = "AES2"
version = "0.1.0"
dependencies = [
 "isochronous_finite_fields",
]

[[package]]
name = "isochronous_finite_fields"
version = "1.0.1"
source = "registry+https://github.com/rust-lang/crates.io-index"
checksum = "98430f4a713fb5eed02257102ec7ce2ac83f3f9b102cbc840f9fc7bf8842b4ee"
